
Microsoft Visual Studio Solution File, Format Version 12.00
# Visual Studio Version 16
VisualStudioVersion = 16.0.31624.102
MinimumVisualStudioVersion = 10.0.40219.1
Project("{FAE04EC0-301F-11D3-BF4B-00C04F79EFBC}") = "tabuada", "tabuada\tabuada.csproj", "{FD15CA30-EF01-4679-AA5B-AD4B22D65ED1}"
EndProject
Global
	GlobalSection(SolutionConfigurationPlatforms) = preSolution
		Debug|Any CPU = Debug|Any CPU
		Release|Any CPU = Release|Any CPU
	EndGlobalSection
	GlobalSection(ProjectConfigurationPlatforms) = postSolution
		{FD15CA30-EF01-4679-AA5B-AD4B22D65ED1}.Debug|Any CPU.ActiveCfg = Debug|Any CPU
		{FD15CA30-EF01-4679-AA5B-AD4B22D65ED1}.Debug|Any CPU.Build.0 = Debug|Any CPU
		{FD15CA30-EF01-4679-AA5B-AD4B22D65ED1}.Release|Any CPU.ActiveCfg = Release|Any CPU
		{FD15CA30-EF01-4679-AA5B-AD4B22D65ED1}.Release|Any CPU.Build.0 = Release|Any CPU
	EndGlobalSection
	GlobalSection(SolutionProperties) = preSolution
		HideSolutionNode = FALSE
	EndGlobalSection
	GlobalSection(ExtensibilityGlobals) = postSolution
		SolutionGuid = {9D551016-8A23-43DC-A347-557D39A73BB6}
	EndGlobalSection
EndGlobal
